
Microsoft Visual Studio Solution File, Format Version 12.00
# Visual Studio Version 17
VisualStudioVersion = 17.3.32922.545
MinimumVisualStudioVersion = 10.0.40219.1
Project("{FAE04EC0-301F-11D3-BF4B-00C04F79EFBC}") = "Erstes Projekt", "Erstes Projekt\Erstes Projekt.csproj", "{DB45F8A3-2ADA-4B71-822C-F246D93ED076}"
EndProject
Global
	GlobalSection(SolutionConfigurationPlatforms) = preSolution
		Debug|Any CPU = Debug|Any CPU
		Release|Any CPU = Release|Any CPU
	EndGlobalSection
	GlobalSection(ProjectConfigurationPlatforms) = postSolution
		{DB45F8A3-2ADA-4B71-822C-F246D93ED076}.Debug|Any CPU.ActiveCfg = Debug|Any CPU
		{DB45F8A3-2ADA-4B71-822C-F246D93ED076}.Debug|Any CPU.Build.0 = Debug|Any CPU
		{DB45F8A3-2ADA-4B71-822C-F246D93ED076}.Release|Any CPU.ActiveCfg = Release|Any CPU
		{DB45F8A3-2ADA-4B71-822C-F246D93ED076}.Release|Any CPU.Build.0 = Release|Any CPU
	EndGlobalSection
	GlobalSection(SolutionProperties) = preSolution
		HideSolutionNode = FALSE
	EndGlobalSection
	GlobalSection(ExtensibilityGlobals) = postSolution
		SolutionGuid = {54797067-7DF7-489C-B4BD-599E910F77DC}
	EndGlobalSection
EndGlobal
